<?xml version="1.0" encoding="UTF-8" standalone="yes" ?>
<CodeBlocks_project_file>
	<FileVersion major="1" minor="6" />
	<Project>
		<Option title="SCPCBIrrlicht" />
		<Option pch_mode="2" />
		<Option compiler="gcc" />
		<Build>
			<Target title="Debug">
				<Option output="bin/Debug/SCPCBIrrlicht" prefix_auto="1" extension_auto="1" />
				<Option object_output="obj/Debug/" />
				<Option type="1" />
				<Option compiler="gcc" />
				<Compiler>
					<Add option="-std=c++11" />
					<Add option="-g" />
					<Add directory="Irrlicht/include" />
					<Add directory="FreeType/include/freetype2" />
					<Add directory="Bullet/include" />
					<Add directory="OpenAL-Soft/include" />
					<Add directory="oggVorbis/include" />
					<Add directory="FreeType/include" />
				</Compiler>
				<Linker>
					<Add library="Bullet\lib\libBullet.a" />
					<Add library="FreeType\lib\libfreetype.dll.a" />
					<Add library="Irrlicht\lib\Win32-gcc\libIrrlicht.a" />
					<Add library="oggVorbis\libogg.dll.a" />
					<Add library="oggVorbis\libvorbis.dll.a" />
					<Add library="oggVorbis\libvorbisfile.dll.a" />
					<Add library="OpenAL-Soft\libOpenAL32.dll.a" />
				</Linker>
			</Target>
			<Target title="Release">
				<Option output="bin/Release/SCPCBIrrlicht" prefix_auto="1" extension_auto="1" />
				<Option object_output="obj/Release/" />
				<Option type="1" />
				<Option compiler="gcc" />
				<Compiler>
					<Add option="-O2" />
					<Add option="-std=c++11" />
					<Add directory="Bullet/include" />
					<Add directory="FreeType/include" />
					<Add directory="Irrlicht/include" />
					<Add directory="oggVorbis/include" />
					<Add directory="OpenAL-Soft/include/AL" />
					<Add directory="OpenAL-Soft/include" />
					<Add directory="FreeType/include/freetype2" />
				</Compiler>
				<Linker>
					<Add option="-s" />
					<Add library="Bullet\lib\libBullet.a" />
					<Add library="FreeType\lib\libfreetype.dll.a" />
					<Add library="Irrlicht\lib\Win32-gcc\libIrrlicht.a" />
					<Add library="oggVorbis\libogg.dll.a" />
					<Add library="oggVorbis\libvorbis.dll.a" />
					<Add library="oggVorbis\libvorbisfile.dll.a" />
					<Add library="OpenAL-Soft\libOpenAL32.dll.a" />
				</Linker>
			</Target>
		</Build>
		<Compiler>
			<Add option="-Wall" />
		</Compiler>
		<Unit filename="Irrlicht/CGUITTFont.cpp" />
		<Unit filename="Irrlicht/irrDynamics.cpp" />
		<Unit filename="Main.cpp" />
		<Unit filename="Sound/SoundWrapper.cpp" />
		<Unit filename="Sound/SoundWrapper.h" />
		<Unit filename="World/Items/Item18vbat.cpp" />
		<Unit filename="World/Items/Item18vbat.h" />
		<Unit filename="World/Items/Item18vradio.cpp" />
		<Unit filename="World/Items/Item18vradio.h" />
		<Unit filename="World/Items/Item420.cpp" />
		<Unit filename="World/Items/Item420.h" />
		<Unit filename="World/Items/Item420s.cpp" />
		<Unit filename="World/Items/Item420s.h" />
		<Unit filename="World/Items/ItemBat.cpp" />
		<Unit filename="World/Items/ItemBat.h" />
		<Unit filename="World/Items/ItemCigarette.cpp" />
		<Unit filename="World/Items/ItemCigarette.h" />
		<Unit filename="World/Items/ItemCup.cpp" />
		<Unit filename="World/Items/ItemCup.h" />
		<Unit filename="World/Items/ItemEmptycup.cpp" />
		<Unit filename="World/Items/ItemEmptycup.h" />
		<Unit filename="World/Items/ItemEyedrops.cpp" />
		<Unit filename="World/Items/ItemEyedrops.h" />
		<Unit filename="World/Items/ItemFineeyedrops.cpp" />
		<Unit filename="World/Items/ItemFineeyedrops.h" />
		<Unit filename="World/Items/ItemFinefirstaid.cpp" />
		<Unit filename="World/Items/ItemFinefirstaid.h" />
		<Unit filename="World/Items/ItemFineradio.cpp" />
		<Unit filename="World/Items/ItemFineradio.h" />
		<Unit filename="World/Items/ItemFinevest.cpp" />
		<Unit filename="World/Items/ItemFinevest.h" />
		<Unit filename="World/Items/ItemFirstaid.cpp" />
		<Unit filename="World/Items/ItemFirstaid.h" />
		<Unit filename="World/Items/ItemFirstaid2.cpp" />
		<Unit filename="World/Items/ItemFirstaid2.h" />
		<Unit filename="World/Items/ItemGasmask.cpp" />
		<Unit filename="World/Items/ItemGasmask.h" />
		<Unit filename="World/Items/ItemGasmask3.cpp" />
		<Unit filename="World/Items/ItemGasmask3.h" />
		<Unit filename="World/Items/ItemHand.cpp" />
		<Unit filename="World/Items/ItemHand.h" />
		<Unit filename="World/Items/ItemHand2.cpp" />
		<Unit filename="World/Items/ItemHand2.h" />
		<Unit filename="World/Items/ItemHazmatsuit.cpp" />
		<Unit filename="World/Items/ItemHazmatsuit.h" />
		<Unit filename="World/Items/ItemHazmatsuit2.cpp" />
		<Unit filename="World/Items/ItemHazmatsuit2.h" />
		<Unit filename="World/Items/ItemHazmatsuit3.cpp" />
		<Unit filename="World/Items/ItemHazmatsuit3.h" />
		<Unit filename="World/Items/ItemKey1.cpp" />
		<Unit filename="World/Items/ItemKey1.h" />
		<Unit filename="World/Items/ItemKey2.cpp" />
		<Unit filename="World/Items/ItemKey2.h" />
		<Unit filename="World/Items/ItemKey3.cpp" />
		<Unit filename="World/Items/ItemKey3.h" />
		<Unit filename="World/Items/ItemKey4.cpp" />
		<Unit filename="World/Items/ItemKey4.h" />
		<Unit filename="World/Items/ItemKey5.cpp" />
		<Unit filename="World/Items/ItemKey5.h" />
		<Unit filename="World/Items/ItemKey6.cpp" />
		<Unit filename="World/Items/ItemKey6.h" />
		<Unit filename="World/Items/ItemKillbat.cpp" />
		<Unit filename="World/Items/ItemKillbat.h" />
		<Unit filename="World/Items/ItemMisc.cpp" />
		<Unit filename="World/Items/ItemMisc.h" />
		<Unit filename="World/Items/ItemNav.cpp" />
		<Unit filename="World/Items/ItemNav.h" />
		<Unit filename="World/Items/ItemPaper.cpp" />
		<Unit filename="World/Items/ItemPaper.h" />
		<Unit filename="World/Items/ItemRadio.cpp" />
		<Unit filename="World/Items/ItemRadio.h" />
		<Unit filename="World/Items/ItemScp1025.cpp" />
		<Unit filename="World/Items/ItemScp1025.h" />
		<Unit filename="World/Items/ItemScp148.cpp" />
		<Unit filename="World/Items/ItemScp148.h" />
		<Unit filename="World/Items/ItemScp148ingot.cpp" />
		<Unit filename="World/Items/ItemScp148ingot.h" />
		<Unit filename="World/Items/ItemScp500.cpp" />
		<Unit filename="World/Items/ItemScp500.h" />
		<Unit filename="World/Items/ItemScp513.cpp" />
		<Unit filename="World/Items/ItemScp513.h" />
		<Unit filename="World/Items/ItemScp714.cpp" />
		<Unit filename="World/Items/ItemScp714.h" />
		<Unit filename="World/Items/ItemScp860.cpp" />
		<Unit filename="World/Items/ItemScp860.h" />
		<Unit filename="World/Items/ItemSupereyedrops.cpp" />
		<Unit filename="World/Items/ItemSupereyedrops.h" />
		<Unit filename="World/Items/ItemSupergasmask.cpp" />
		<Unit filename="World/Items/ItemSupergasmask.h" />
		<Unit filename="World/Items/ItemVeryfinefirstaid.cpp" />
		<Unit filename="World/Items/ItemVeryfinefirstaid.h" />
		<Unit filename="World/Items/ItemVeryfineradio.cpp" />
		<Unit filename="World/Items/ItemVeryfineradio.h" />
		<Unit filename="World/Items/ItemVeryfinevest.cpp" />
		<Unit filename="World/Items/ItemVeryfinevest.h" />
		<Unit filename="World/Items/ItemVest.cpp" />
		<Unit filename="World/Items/ItemVest.h" />
		<Unit filename="World/Items/Items.cpp" />
		<Unit filename="World/Items/Items.h" />
		<Unit filename="World/KinematicCharacterController/KinematicCharacterController.cpp" />
		<Unit filename="World/KinematicCharacterController/KinematicCharacterController.h" />
		<Unit filename="World/MapGen.cpp" />
		<Unit filename="World/NPCs/NPC.cpp" />
		<Unit filename="World/NPCs/NPC.h" />
		<Unit filename="World/NPCs/NPC096.cpp" />
		<Unit filename="World/NPCs/NPC096.h" />
		<Unit filename="World/NPCs/NPC173.cpp" />
		<Unit filename="World/NPCs/NPC173.h" />
		<Unit filename="World/NPCs/NPC178.cpp" />
		<Unit filename="World/NPCs/NPC178.h" />
		<Unit filename="World/Player.cpp" />
		<Unit filename="World/Player.h" />
		<Unit filename="World/Rooms/Door.cpp" />
		<Unit filename="World/Rooms/Door.h" />
		<Unit filename="World/Rooms/EZIncludes.h" />
		<Unit filename="World/Rooms/EZ/Room079.cpp" />
		<Unit filename="World/Rooms/EZ/Room079.h" />
		<Unit filename="World/Rooms/EZ/Room2cafeteria.cpp" />
		<Unit filename="World/Rooms/EZ/Room2cafeteria.h" />
		<Unit filename="World/Rooms/EZ/Room2ccont.cpp" />
		<Unit filename="World/Rooms/EZ/Room2ccont.h" />
		<Unit filename="World/Rooms/EZ/Room2cz3.cpp" />
		<Unit filename="World/Rooms/EZ/Room2cz3.h" />
		<Unit filename="World/Rooms/EZ/Room2offices.cpp" />
		<Unit filename="World/Rooms/EZ/Room2offices.h" />
		<Unit filename="World/Rooms/EZ/Room2offices2.cpp" />
		<Unit filename="World/Rooms/EZ/Room2offices2.h" />
		<Unit filename="World/Rooms/EZ/Room2offices3.cpp" />
		<Unit filename="World/Rooms/EZ/Room2offices3.h" />
		<Unit filename="World/Rooms/EZ/Room2poffices.cpp" />
		<Unit filename="World/Rooms/EZ/Room2poffices.h" />
		<Unit filename="World/Rooms/EZ/Room2poffices2.cpp" />
		<Unit filename="World/Rooms/EZ/Room2poffices2.h" />
		<Unit filename="World/Rooms/EZ/Room2sroom.cpp" />
		<Unit filename="World/Rooms/EZ/Room2sroom.h" />
		<Unit filename="World/Rooms/EZ/Room2tesla.cpp" />
		<Unit filename="World/Rooms/EZ/Room2tesla.h" />
		<Unit filename="World/Rooms/EZ/Room2toilets.cpp" />
		<Unit filename="World/Rooms/EZ/Room2toilets.h" />
		<Unit filename="World/Rooms/EZ/Room2z3.cpp" />
		<Unit filename="World/Rooms/EZ/Room2z3.h" />
		<Unit filename="World/Rooms/EZ/Room3servers.cpp" />
		<Unit filename="World/Rooms/EZ/Room3servers.h" />
		<Unit filename="World/Rooms/EZ/Room3servers2.cpp" />
		<Unit filename="World/Rooms/EZ/Room3servers2.h" />
		<Unit filename="World/Rooms/EZ/Room3z3.cpp" />
		<Unit filename="World/Rooms/EZ/Room3z3.h" />
		<Unit filename="World/Rooms/EZ/Room4z3.cpp" />
		<Unit filename="World/Rooms/EZ/Room4z3.h" />
		<Unit filename="World/Rooms/EZ/Room860.cpp" />
		<Unit filename="World/Rooms/EZ/Room860.h" />
		<Unit filename="World/Rooms/EZ/RoomExit1.cpp" />
		<Unit filename="World/Rooms/EZ/RoomExit1.h" />
		<Unit filename="World/Rooms/EZ/RoomGateaentrance.cpp" />
		<Unit filename="World/Rooms/EZ/RoomGateaentrance.h" />
		<Unit filename="World/Rooms/EZ/RoomLockroom2.cpp" />
		<Unit filename="World/Rooms/EZ/RoomLockroom2.h" />
		<Unit filename="World/Rooms/HCZIncludes.h" />
		<Unit filename="World/Rooms/HCZ/Room008.cpp" />
		<Unit filename="World/Rooms/HCZ/Room008.h" />
		<Unit filename="World/Rooms/HCZ/Room035.cpp" />
		<Unit filename="World/Rooms/HCZ/Room035.h" />
		<Unit filename="World/Rooms/HCZ/Room049.cpp" />
		<Unit filename="World/Rooms/HCZ/Room049.h" />
		<Unit filename="World/Rooms/HCZ/Room106.cpp" />
		<Unit filename="World/Rooms/HCZ/Room106.h" />
		<Unit filename="World/Rooms/HCZ/Room2ctunnel.cpp" />
		<Unit filename="World/Rooms/HCZ/Room2ctunnel.h" />
		<Unit filename="World/Rooms/HCZ/Room2nuke.cpp" />
		<Unit filename="World/Rooms/HCZ/Room2nuke.h" />
		<Unit filename="World/Rooms/HCZ/Room2pipes.cpp" />
		<Unit filename="World/Rooms/HCZ/Room2pipes.h" />
		<Unit filename="World/Rooms/HCZ/Room2pit.cpp" />
		<Unit filename="World/Rooms/HCZ/Room2pit.h" />
		<Unit filename="World/Rooms/HCZ/Room2servers.cpp" />
		<Unit filename="World/Rooms/HCZ/Room2servers.h" />
		<Unit filename="World/Rooms/HCZ/Room2tunnel.cpp" />
		<Unit filename="World/Rooms/HCZ/Room2tunnel.h" />
		<Unit filename="World/Rooms/HCZ/Room3pit.cpp" />
		<Unit filename="World/Rooms/HCZ/Room3pit.h" />
		<Unit filename="World/Rooms/HCZ/Room3tunnel.cpp" />
		<Unit filename="World/Rooms/HCZ/Room3tunnel.h" />
		<Unit filename="World/Rooms/HCZ/Room4tunnels.cpp" />
		<Unit filename="World/Rooms/HCZ/Room4tunnels.h" />
		<Unit filename="World/Rooms/HCZ/Room513.cpp" />
		<Unit filename="World/Rooms/HCZ/Room513.h" />
		<Unit filename="World/Rooms/HCZ/RoomCoffin.cpp" />
		<Unit filename="World/Rooms/HCZ/RoomCoffin.h" />
		<Unit filename="World/Rooms/HCZ/RoomEndroom2.cpp" />
		<Unit filename="World/Rooms/HCZ/RoomEndroom2.h" />
		<Unit filename="World/Rooms/HCZ/RoomTestroom.cpp" />
		<Unit filename="World/Rooms/HCZ/RoomTestroom.h" />
		<Unit filename="World/Rooms/HCZ/RoomTunnel.cpp" />
		<Unit filename="World/Rooms/HCZ/RoomTunnel.h" />
		<Unit filename="World/Rooms/HCZ/RoomTunnel2.cpp" />
		<Unit filename="World/Rooms/HCZ/RoomTunnel2.h" />
		<Unit filename="World/Rooms/LCZIncludes.h" />
		<Unit filename="World/Rooms/LCZ/Room012.cpp" />
		<Unit filename="World/Rooms/LCZ/Room012.h" />
		<Unit filename="World/Rooms/LCZ/Room2.cpp" />
		<Unit filename="World/Rooms/LCZ/Room2.h" />
		<Unit filename="World/Rooms/LCZ/Room2_2.cpp" />
		<Unit filename="World/Rooms/LCZ/Room2_2.h" />
		<Unit filename="World/Rooms/LCZ/Room2c.cpp" />
		<Unit filename="World/Rooms/LCZ/Room2c.h" />
		<Unit filename="World/Rooms/LCZ/Room2closets.cpp" />
		<Unit filename="World/Rooms/LCZ/Room2closets.h" />
		<Unit filename="World/Rooms/LCZ/Room2doors.cpp" />
		<Unit filename="World/Rooms/LCZ/Room2doors.h" />
		<Unit filename="World/Rooms/LCZ/Room2elevator.cpp" />
		<Unit filename="World/Rooms/LCZ/Room2elevator.h" />
		<Unit filename="World/Rooms/LCZ/Room2scps.cpp" />
		<Unit filename="World/Rooms/LCZ/Room2scps.h" />
		<Unit filename="World/Rooms/LCZ/Room2storage.cpp" />
		<Unit filename="World/Rooms/LCZ/Room2storage.h" />
		<Unit filename="World/Rooms/LCZ/Room2testroom2.cpp" />
		<Unit filename="World/Rooms/LCZ/Room2testroom2.h" />
		<Unit filename="World/Rooms/LCZ/Room3.cpp" />
		<Unit filename="World/Rooms/LCZ/Room3.h" />
		<Unit filename="World/Rooms/LCZ/Room3_2.cpp" />
		<Unit filename="World/Rooms/LCZ/Room3_2.h" />
		<Unit filename="World/Rooms/LCZ/Room3storage.cpp" />
		<Unit filename="World/Rooms/LCZ/Room3storage.h" />
		<Unit filename="World/Rooms/LCZ/Room4.cpp" />
		<Unit filename="World/Rooms/LCZ/Room4.h" />
		<Unit filename="World/Rooms/LCZ/Room914.cpp" />
		<Unit filename="World/Rooms/LCZ/Room914.h" />
		<Unit filename="World/Rooms/LCZ/RoomEndroom.cpp" />
		<Unit filename="World/Rooms/LCZ/RoomEndroom.h" />
		<Unit filename="World/Rooms/LCZ/RoomLockroom.cpp" />
		<Unit filename="World/Rooms/LCZ/RoomLockroom.h" />
		<Unit filename="World/Rooms/LCZ/RoomStart.cpp" />
		<Unit filename="World/Rooms/LCZ/RoomStart.h" />
		<Unit filename="World/Rooms/LCZ/Roompj.cpp" />
		<Unit filename="World/Rooms/LCZ/Roompj.h" />
		<Unit filename="World/Rooms/MiscIncludes.h" />
		<Unit filename="World/Rooms/Misc/Room173.cpp" />
		<Unit filename="World/Rooms/Misc/Room173.h" />
		<Unit filename="World/Rooms/Misc/RoomCheckpoint1.cpp" />
		<Unit filename="World/Rooms/Misc/RoomCheckpoint1.h" />
		<Unit filename="World/Rooms/Misc/RoomCheckpoint2.cpp" />
		<Unit filename="World/Rooms/Misc/RoomCheckpoint2.h" />
		<Unit filename="World/Rooms/Misc/RoomGatea.cpp" />
		<Unit filename="World/Rooms/Misc/RoomGatea.h" />
		<Unit filename="World/Rooms/Misc/RoomPocketdimension.cpp" />
		<Unit filename="World/Rooms/Misc/RoomPocketdimension.h" />
		<Unit filename="World/Rooms/RMesh.cpp" />
		<Unit filename="World/Rooms/RMesh.h" />
		<Unit filename="World/Rooms/Room.cpp" />
		<Unit filename="World/Rooms/Room.h" />
		<Unit filename="World/ShaderCallbacks.cpp" />
		<Unit filename="World/ShaderCallbacks.h" />
		<Unit filename="World/SharedAI.cpp" />
		<Unit filename="World/World.cpp" />
		<Unit filename="World/World.h" />
		<Extensions>
			<code_completion />
			<envvars />
			<debugger />
			<lib_finder disable_auto="1" />
		</Extensions>
	</Project>
</CodeBlocks_project_file>
