<?xml version="1.0" encoding="UTF-8" standalone="yes" ?>
<CodeBlocks_project_file>
	<FileVersion major="1" minor="6" />
	<Project>
		<Option title="SCPCBIrrlicht" />
		<Option pch_mode="2" />
		<Option compiler="gcc" />
		<Build>
			<Target title="Debug">
				<Option output="bin/Debug/SCPCBIrrlicht" prefix_auto="1" extension_auto="1" />
				<Option object_output="obj/Debug/" />
				<Option type="1" />
				<Option compiler="gcc" />
				<Compiler>
					<Add option="-std=c++11" />
					<Add option="-g" />
					<Add directory="Irrlicht/include" />
					<Add directory="FreeType/include" />
					<Add directory="Bullet/include" />
					<Add directory="OpenAL-Soft/include/AL" />
					<Add directory="oggVorbis/include" />
				</Compiler>
				<Linker>
					<Add library="Irrlicht\lib\Win32-gcc\libIrrlicht.a" />
					<Add library="FreeType\lib\libfreetype.dll.a" />
					<Add library="Bullet\lib\libBullet.a" />
					<Add library="OpenAL-Soft\libOpenAL32.dll.a" />
					<Add library="oggVorbis\libogg.dll.a" />
					<Add library="oggVorbis\libvorbis.dll.a" />
					<Add library="oggVorbis\libvorbisfile.dll.a" />
				</Linker>
			</Target>
			<Target title="Release">
				<Option output="bin/Release/SCPCBIrrlicht" prefix_auto="1" extension_auto="1" />
				<Option object_output="obj/Release/" />
				<Option type="1" />
				<Option compiler="gcc" />
				<Compiler>
					<Add option="-O2" />
					<Add option="-std=c++11" />
					<Add directory="Bullet/include" />
					<Add directory="FreeType/include" />
					<Add directory="Irrlicht/include" />
					<Add directory="oggVorbis/include" />
					<Add directory="OpenAL-Soft/include/AL" />
				</Compiler>
				<Linker>
					<Add option="-s" />
					<Add library="Bullet\lib\libBullet.a" />
					<Add library="FreeType\lib\libfreetype.dll.a" />
					<Add library="Irrlicht\lib\Win32-gcc\libIrrlicht.a" />
					<Add library="oggVorbis\libogg.dll.a" />
					<Add library="oggVorbis\libvorbis.dll.a" />
					<Add library="oggVorbis\libvorbisfile.dll.a" />
					<Add library="OpenAL-Soft\libOpenAL32.dll.a" />
				</Linker>
			</Target>
		</Build>
		<Compiler>
			<Add option="-Wall" />
		</Compiler>
		<Unit filename="3dworld/3dworld.cpp" />
		<Unit filename="3dworld/3dworld.h" />
		<Unit filename="3dworld/items/item18vbat/item18vbat.cpp" />
		<Unit filename="3dworld/items/item18vbat/item18vbat.h" />
		<Unit filename="3dworld/items/item18vradio/item18vradio.cpp" />
		<Unit filename="3dworld/items/item18vradio/item18vradio.h" />
		<Unit filename="3dworld/items/item420/item420.cpp" />
		<Unit filename="3dworld/items/item420/item420.h" />
		<Unit filename="3dworld/items/item420s/item420s.cpp" />
		<Unit filename="3dworld/items/item420s/item420s.h" />
		<Unit filename="3dworld/items/itemBat/itemBat.cpp" />
		<Unit filename="3dworld/items/itemBat/itemBat.h" />
		<Unit filename="3dworld/items/itemCigarette/itemCigarette.cpp" />
		<Unit filename="3dworld/items/itemCigarette/itemCigarette.h" />
		<Unit filename="3dworld/items/itemCup/itemCup.cpp" />
		<Unit filename="3dworld/items/itemCup/itemCup.h" />
		<Unit filename="3dworld/items/itemEmptycup/itemEmptycup.cpp" />
		<Unit filename="3dworld/items/itemEmptycup/itemEmptycup.h" />
		<Unit filename="3dworld/items/itemEyedrops/itemEyedrops.cpp" />
		<Unit filename="3dworld/items/itemEyedrops/itemEyedrops.h" />
		<Unit filename="3dworld/items/itemFineeyedrops/itemFineeyedrops.cpp" />
		<Unit filename="3dworld/items/itemFineeyedrops/itemFineeyedrops.h" />
		<Unit filename="3dworld/items/itemFinefirstaid/itemFinefirstaid.cpp" />
		<Unit filename="3dworld/items/itemFinefirstaid/itemFinefirstaid.h" />
		<Unit filename="3dworld/items/itemFineradio/itemFineradio.cpp" />
		<Unit filename="3dworld/items/itemFineradio/itemFineradio.h" />
		<Unit filename="3dworld/items/itemFinevest/itemFinevest.cpp" />
		<Unit filename="3dworld/items/itemFinevest/itemFinevest.h" />
		<Unit filename="3dworld/items/itemFirstaid2/itemFirstaid2.cpp" />
		<Unit filename="3dworld/items/itemFirstaid2/itemFirstaid2.h" />
		<Unit filename="3dworld/items/itemFirstaid/itemFirstaid.cpp" />
		<Unit filename="3dworld/items/itemFirstaid/itemFirstaid.h" />
		<Unit filename="3dworld/items/itemGasmask3/itemGasmask3.cpp" />
		<Unit filename="3dworld/items/itemGasmask3/itemGasmask3.h" />
		<Unit filename="3dworld/items/itemGasmask/itemGasmask.cpp" />
		<Unit filename="3dworld/items/itemGasmask/itemGasmask.h" />
		<Unit filename="3dworld/items/itemHand2/itemHand2.cpp" />
		<Unit filename="3dworld/items/itemHand2/itemHand2.h" />
		<Unit filename="3dworld/items/itemHand/itemHand.cpp" />
		<Unit filename="3dworld/items/itemHand/itemHand.h" />
		<Unit filename="3dworld/items/itemHazmatsuit2/itemHazmatsuit2.cpp" />
		<Unit filename="3dworld/items/itemHazmatsuit2/itemHazmatsuit2.h" />
		<Unit filename="3dworld/items/itemHazmatsuit3/itemHazmatsuit3.cpp" />
		<Unit filename="3dworld/items/itemHazmatsuit3/itemHazmatsuit3.h" />
		<Unit filename="3dworld/items/itemHazmatsuit/itemHazmatsuit.cpp" />
		<Unit filename="3dworld/items/itemHazmatsuit/itemHazmatsuit.h" />
		<Unit filename="3dworld/items/itemKey1/itemKey1.cpp" />
		<Unit filename="3dworld/items/itemKey1/itemKey1.h" />
		<Unit filename="3dworld/items/itemKey2/itemKey2.cpp" />
		<Unit filename="3dworld/items/itemKey2/itemKey2.h" />
		<Unit filename="3dworld/items/itemKey3/itemKey3.cpp" />
		<Unit filename="3dworld/items/itemKey3/itemKey3.h" />
		<Unit filename="3dworld/items/itemKey4/itemKey4.cpp" />
		<Unit filename="3dworld/items/itemKey4/itemKey4.h" />
		<Unit filename="3dworld/items/itemKey5/itemKey5.cpp" />
		<Unit filename="3dworld/items/itemKey5/itemKey5.h" />
		<Unit filename="3dworld/items/itemKey6/itemKey6.cpp" />
		<Unit filename="3dworld/items/itemKey6/itemKey6.h" />
		<Unit filename="3dworld/items/itemKillbat/itemKillbat.cpp" />
		<Unit filename="3dworld/items/itemKillbat/itemKillbat.h" />
		<Unit filename="3dworld/items/itemMisc/itemMisc.cpp" />
		<Unit filename="3dworld/items/itemMisc/itemMisc.h" />
		<Unit filename="3dworld/items/itemNav/itemNav.cpp" />
		<Unit filename="3dworld/items/itemNav/itemNav.h" />
		<Unit filename="3dworld/items/itemPaper/itemPaper.cpp" />
		<Unit filename="3dworld/items/itemPaper/itemPaper.h" />
		<Unit filename="3dworld/items/itemRadio/itemRadio.cpp" />
		<Unit filename="3dworld/items/itemRadio/itemRadio.h" />
		<Unit filename="3dworld/items/itemScp1025/itemScp1025.cpp" />
		<Unit filename="3dworld/items/itemScp1025/itemScp1025.h" />
		<Unit filename="3dworld/items/itemScp148/itemScp148.cpp" />
		<Unit filename="3dworld/items/itemScp148/itemScp148.h" />
		<Unit filename="3dworld/items/itemScp148ingot/itemScp148ingot.cpp" />
		<Unit filename="3dworld/items/itemScp148ingot/itemScp148ingot.h" />
		<Unit filename="3dworld/items/itemScp500/itemScp500.cpp" />
		<Unit filename="3dworld/items/itemScp500/itemScp500.h" />
		<Unit filename="3dworld/items/itemScp513/itemScp513.cpp" />
		<Unit filename="3dworld/items/itemScp513/itemScp513.h" />
		<Unit filename="3dworld/items/itemScp714/itemScp714.cpp" />
		<Unit filename="3dworld/items/itemScp714/itemScp714.h" />
		<Unit filename="3dworld/items/itemScp860/itemScp860.cpp" />
		<Unit filename="3dworld/items/itemScp860/itemScp860.h" />
		<Unit filename="3dworld/items/itemSupereyedrops/itemSupereyedrops.cpp" />
		<Unit filename="3dworld/items/itemSupereyedrops/itemSupereyedrops.h" />
		<Unit filename="3dworld/items/itemSupergasmask/itemSupergasmask.cpp" />
		<Unit filename="3dworld/items/itemSupergasmask/itemSupergasmask.h" />
		<Unit filename="3dworld/items/itemVeryfinefirstaid/itemVeryfinefirstaid.cpp" />
		<Unit filename="3dworld/items/itemVeryfinefirstaid/itemVeryfinefirstaid.h" />
		<Unit filename="3dworld/items/itemVeryfineradio/itemVeryfineradio.cpp" />
		<Unit filename="3dworld/items/itemVeryfineradio/itemVeryfineradio.h" />
		<Unit filename="3dworld/items/itemVeryfinevest/itemVeryfinevest.cpp" />
		<Unit filename="3dworld/items/itemVeryfinevest/itemVeryfinevest.h" />
		<Unit filename="3dworld/items/itemVest/itemVest.cpp" />
		<Unit filename="3dworld/items/itemVest/itemVest.h" />
		<Unit filename="3dworld/items/items.cpp" />
		<Unit filename="3dworld/items/items.h" />
		<Unit filename="3dworld/mapGen.cpp" />
		<Unit filename="3dworld/npcs/npc.cpp" />
		<Unit filename="3dworld/npcs/npc.h" />
		<Unit filename="3dworld/npcs/npc096.cpp" />
		<Unit filename="3dworld/npcs/npc096.h" />
		<Unit filename="3dworld/player.cpp" />
		<Unit filename="3dworld/player.h" />
		<Unit filename="3dworld/rooms/EZ/exit1.cpp" />
		<Unit filename="3dworld/rooms/EZ/exit1.h" />
		<Unit filename="3dworld/rooms/EZ/gateaentrance.cpp" />
		<Unit filename="3dworld/rooms/EZ/gateaentrance.h" />
		<Unit filename="3dworld/rooms/EZ/lockroom2.cpp" />
		<Unit filename="3dworld/rooms/EZ/lockroom2.h" />
		<Unit filename="3dworld/rooms/EZ/room079.cpp" />
		<Unit filename="3dworld/rooms/EZ/room079.h" />
		<Unit filename="3dworld/rooms/EZ/room2cafeteria.cpp" />
		<Unit filename="3dworld/rooms/EZ/room2cafeteria.h" />
		<Unit filename="3dworld/rooms/EZ/room2ccont.cpp" />
		<Unit filename="3dworld/rooms/EZ/room2ccont.h" />
		<Unit filename="3dworld/rooms/EZ/room2cz3.cpp" />
		<Unit filename="3dworld/rooms/EZ/room2cz3.h" />
		<Unit filename="3dworld/rooms/EZ/room2offices.cpp" />
		<Unit filename="3dworld/rooms/EZ/room2offices.h" />
		<Unit filename="3dworld/rooms/EZ/room2offices2.cpp" />
		<Unit filename="3dworld/rooms/EZ/room2offices2.h" />
		<Unit filename="3dworld/rooms/EZ/room2offices3.cpp" />
		<Unit filename="3dworld/rooms/EZ/room2offices3.h" />
		<Unit filename="3dworld/rooms/EZ/room2poffices.cpp" />
		<Unit filename="3dworld/rooms/EZ/room2poffices.h" />
		<Unit filename="3dworld/rooms/EZ/room2poffices2.cpp" />
		<Unit filename="3dworld/rooms/EZ/room2poffices2.h" />
		<Unit filename="3dworld/rooms/EZ/room2sroom.cpp" />
		<Unit filename="3dworld/rooms/EZ/room2sroom.h" />
		<Unit filename="3dworld/rooms/EZ/room2tesla.cpp" />
		<Unit filename="3dworld/rooms/EZ/room2tesla.h" />
		<Unit filename="3dworld/rooms/EZ/room2toilets.cpp" />
		<Unit filename="3dworld/rooms/EZ/room2toilets.h" />
		<Unit filename="3dworld/rooms/EZ/room2z3.cpp" />
		<Unit filename="3dworld/rooms/EZ/room2z3.h" />
		<Unit filename="3dworld/rooms/EZ/room3servers.cpp" />
		<Unit filename="3dworld/rooms/EZ/room3servers.h" />
		<Unit filename="3dworld/rooms/EZ/room3servers2.cpp" />
		<Unit filename="3dworld/rooms/EZ/room3servers2.h" />
		<Unit filename="3dworld/rooms/EZ/room3z3.cpp" />
		<Unit filename="3dworld/rooms/EZ/room3z3.h" />
		<Unit filename="3dworld/rooms/EZ/room4z3.cpp" />
		<Unit filename="3dworld/rooms/EZ/room4z3.h" />
		<Unit filename="3dworld/rooms/EZ/room860.cpp" />
		<Unit filename="3dworld/rooms/EZ/room860.h" />
		<Unit filename="3dworld/rooms/HCZ/coffin.cpp" />
		<Unit filename="3dworld/rooms/HCZ/coffin.h" />
		<Unit filename="3dworld/rooms/HCZ/endroom2.cpp" />
		<Unit filename="3dworld/rooms/HCZ/endroom2.h" />
		<Unit filename="3dworld/rooms/HCZ/r_008.cpp" />
		<Unit filename="3dworld/rooms/HCZ/r_008.h" />
		<Unit filename="3dworld/rooms/HCZ/room035.cpp" />
		<Unit filename="3dworld/rooms/HCZ/room035.h" />
		<Unit filename="3dworld/rooms/HCZ/room049.cpp" />
		<Unit filename="3dworld/rooms/HCZ/room049.h" />
		<Unit filename="3dworld/rooms/HCZ/room106.cpp" />
		<Unit filename="3dworld/rooms/HCZ/room106.h" />
		<Unit filename="3dworld/rooms/HCZ/room2ctunnel.cpp" />
		<Unit filename="3dworld/rooms/HCZ/room2ctunnel.h" />
		<Unit filename="3dworld/rooms/HCZ/room2nuke.cpp" />
		<Unit filename="3dworld/rooms/HCZ/room2nuke.h" />
		<Unit filename="3dworld/rooms/HCZ/room2pipes.cpp" />
		<Unit filename="3dworld/rooms/HCZ/room2pipes.h" />
		<Unit filename="3dworld/rooms/HCZ/room2pit.cpp" />
		<Unit filename="3dworld/rooms/HCZ/room2pit.h" />
		<Unit filename="3dworld/rooms/HCZ/room2servers.cpp" />
		<Unit filename="3dworld/rooms/HCZ/room2servers.h" />
		<Unit filename="3dworld/rooms/HCZ/room2tunnel.cpp" />
		<Unit filename="3dworld/rooms/HCZ/room2tunnel.h" />
		<Unit filename="3dworld/rooms/HCZ/room3pit.cpp" />
		<Unit filename="3dworld/rooms/HCZ/room3pit.h" />
		<Unit filename="3dworld/rooms/HCZ/room3tunnel.cpp" />
		<Unit filename="3dworld/rooms/HCZ/room3tunnel.h" />
		<Unit filename="3dworld/rooms/HCZ/room4tunnels.cpp" />
		<Unit filename="3dworld/rooms/HCZ/room4tunnels.h" />
		<Unit filename="3dworld/rooms/HCZ/room513.cpp" />
		<Unit filename="3dworld/rooms/HCZ/room513.h" />
		<Unit filename="3dworld/rooms/HCZ/testroom.cpp" />
		<Unit filename="3dworld/rooms/HCZ/testroom.h" />
		<Unit filename="3dworld/rooms/HCZ/tunnel.cpp" />
		<Unit filename="3dworld/rooms/HCZ/tunnel.h" />
		<Unit filename="3dworld/rooms/HCZ/tunnel2.cpp" />
		<Unit filename="3dworld/rooms/HCZ/tunnel2.h" />
		<Unit filename="3dworld/rooms/LCZ/endroom.cpp" />
		<Unit filename="3dworld/rooms/LCZ/endroom.h" />
		<Unit filename="3dworld/rooms/LCZ/lockroom.cpp" />
		<Unit filename="3dworld/rooms/LCZ/lockroom.h" />
		<Unit filename="3dworld/rooms/LCZ/r_914.cpp" />
		<Unit filename="3dworld/rooms/LCZ/r_914.h" />
		<Unit filename="3dworld/rooms/LCZ/room012.cpp" />
		<Unit filename="3dworld/rooms/LCZ/room012.h" />
		<Unit filename="3dworld/rooms/LCZ/room2.cpp" />
		<Unit filename="3dworld/rooms/LCZ/room2.h" />
		<Unit filename="3dworld/rooms/LCZ/room2_2.cpp" />
		<Unit filename="3dworld/rooms/LCZ/room2_2.h" />
		<Unit filename="3dworld/rooms/LCZ/room2c.cpp" />
		<Unit filename="3dworld/rooms/LCZ/room2c.h" />
		<Unit filename="3dworld/rooms/LCZ/room2closets.cpp" />
		<Unit filename="3dworld/rooms/LCZ/room2closets.h" />
		<Unit filename="3dworld/rooms/LCZ/room2doors.cpp" />
		<Unit filename="3dworld/rooms/LCZ/room2doors.h" />
		<Unit filename="3dworld/rooms/LCZ/room2elevator.cpp" />
		<Unit filename="3dworld/rooms/LCZ/room2elevator.h" />
		<Unit filename="3dworld/rooms/LCZ/room2scps.cpp" />
		<Unit filename="3dworld/rooms/LCZ/room2scps.h" />
		<Unit filename="3dworld/rooms/LCZ/room2storage.cpp" />
		<Unit filename="3dworld/rooms/LCZ/room2storage.h" />
		<Unit filename="3dworld/rooms/LCZ/room2testroom2.cpp" />
		<Unit filename="3dworld/rooms/LCZ/room2testroom2.h" />
		<Unit filename="3dworld/rooms/LCZ/room3.cpp" />
		<Unit filename="3dworld/rooms/LCZ/room3.h" />
		<Unit filename="3dworld/rooms/LCZ/room3_2.cpp" />
		<Unit filename="3dworld/rooms/LCZ/room3_2.h" />
		<Unit filename="3dworld/rooms/LCZ/room3storage.cpp" />
		<Unit filename="3dworld/rooms/LCZ/room3storage.h" />
		<Unit filename="3dworld/rooms/LCZ/room4.cpp" />
		<Unit filename="3dworld/rooms/LCZ/room4.h" />
		<Unit filename="3dworld/rooms/LCZ/roompj.cpp" />
		<Unit filename="3dworld/rooms/LCZ/roompj.h" />
		<Unit filename="3dworld/rooms/LCZ/start.cpp" />
		<Unit filename="3dworld/rooms/LCZ/start.h" />
		<Unit filename="3dworld/rooms/Misc/checkpoint1.cpp" />
		<Unit filename="3dworld/rooms/Misc/checkpoint1.h" />
		<Unit filename="3dworld/rooms/Misc/checkpoint2.cpp" />
		<Unit filename="3dworld/rooms/Misc/checkpoint2.h" />
		<Unit filename="3dworld/rooms/Misc/gatea.cpp" />
		<Unit filename="3dworld/rooms/Misc/gatea.h" />
		<Unit filename="3dworld/rooms/Misc/pocketdimension.cpp" />
		<Unit filename="3dworld/rooms/Misc/pocketdimension.h" />
		<Unit filename="3dworld/rooms/Misc/r_173.cpp" />
		<Unit filename="3dworld/rooms/Misc/r_173.h" />
		<Unit filename="3dworld/rooms/rmesh.cpp" />
		<Unit filename="3dworld/rooms/rmesh.h" />
		<Unit filename="3dworld/rooms/room.cpp" />
		<Unit filename="3dworld/rooms/room.h" />
		<Unit filename="3dworld/shadercallbacks.cpp" />
		<Unit filename="3dworld/shadercallbacks.h" />
		<Unit filename="3dworld/sharedAI.cpp" />
		<Unit filename="Irrlicht/CGUITTFont.cpp" />
		<Unit filename="Irrlicht/irrDynamics.cpp" />
		<Unit filename="main.cpp" />
		<Unit filename="sound/soundWrapper.cpp" />
		<Unit filename="sound/soundWrapper.h" />
		<Extensions>
			<code_completion />
			<envvars />
			<debugger />
			<lib_finder disable_auto="1" />
		</Extensions>
	</Project>
</CodeBlocks_project_file>
